// !$*UTF8*$!
{
	archiveVersion = 1;
	classes = {
	};
	objectVersion = 50;
	objects = {

/* Begin PBXBuildFile section */
		632379DE26974D50004E0B35 /* AppDelegate.swift in Sources */ = {isa = PBXBuildFile; fileRef = 632379DD26974D50004E0B35 /* AppDelegate.swift */; };
		632379E026974D50004E0B35 /* SceneDelegate.swift in Sources */ = {isa = PBXBuildFile; fileRef = 632379DF26974D50004E0B35 /* SceneDelegate.swift */; };
		632379E526974D50004E0B35 /* Main.storyboard in Resources */ = {isa = PBXBuildFile; fileRef = 632379E326974D50004E0B35 /* Main.storyboard */; };
		632379E726974D50004E0B35 /* Assets.xcassets in Resources */ = {isa = PBXBuildFile; fileRef = 632379E626974D50004E0B35 /* Assets.xcassets */; };
		632379EA26974D50004E0B35 /* LaunchScreen.storyboard in Resources */ = {isa = PBXBuildFile; fileRef = 632379E826974D50004E0B35 /* LaunchScreen.storyboard */; };
		632379F926974EDA004E0B35 /* PhotosCollectionViewController.swift in Sources */ = {isa = PBXBuildFile; fileRef = 632379F826974EDA004E0B35 /* PhotosCollectionViewController.swift */; };
		632379FB26974F1B004E0B35 /* PhotosCollectionViewCell.swift in Sources */ = {isa = PBXBuildFile; fileRef = 632379FA26974F1B004E0B35 /* PhotosCollectionViewCell.swift */; };
		632379FD26974F5A004E0B35 /* PhotoDetailViewController.swift in Sources */ = {isa = PBXBuildFile; fileRef = 632379FC26974F5A004E0B35 /* PhotoDetailViewController.swift */; };
		632379FF26974F94004E0B35 /* ThemeSelectionViewController.swift in Sources */ = {isa = PBXBuildFile; fileRef = 632379FE26974F94004E0B35 /* ThemeSelectionViewController.swift */; };
		63237A0126975057004E0B35 /* Photo.swift in Sources */ = {isa = PBXBuildFile; fileRef = 63237A0026975057004E0B35 /* Photo.swift */; };
		63237A0326975064004E0B35 /* PhotoController.swift in Sources */ = {isa = PBXBuildFile; fileRef = 63237A0226975064004E0B35 /* PhotoController.swift */; };
		63237A0526975077004E0B35 /* ThemeHelper.swift in Sources */ = {isa = PBXBuildFile; fileRef = 63237A0426975077004E0B35 /* ThemeHelper.swift */; };
/* End PBXBuildFile section */

/* Begin PBXFileReference section */
		632379DA26974D50004E0B35 /* PhotoCollection-II.app */ = {isa = PBXFileReference; explicitFileType = wrapper.application; includeInIndex = 0; path = "PhotoCollection-II.app"; sourceTree = BUILT_PRODUCTS_DIR; };
		632379DD26974D50004E0B35 /* AppDelegate.swift */ = {isa = PBXFileReference; lastKnownFileType = sourcecode.swift; path = AppDelegate.swift; sourceTree = "<group>"; };
		632379DF26974D50004E0B35 /* SceneDelegate.swift */ = {isa = PBXFileReference; lastKnownFileType = sourcecode.swift; path = SceneDelegate.swift; sourceTree = "<group>"; };
		632379E426974D50004E0B35 /* Base */ = {isa = PBXFileReference; lastKnownFileType = file.storyboard; name = Base; path = Base.lproj/Main.storyboard; sourceTree = "<group>"; };
		632379E626974D50004E0B35 /* Assets.xcassets */ = {isa = PBXFileReference; lastKnownFileType = folder.assetcatalog; path = Assets.xcassets; sourceTree = "<group>"; };
		632379E926974D50004E0B35 /* Base */ = {isa = PBXFileReference; lastKnownFileType = file.storyboard; name = Base; path = Base.lproj/LaunchScreen.storyboard; sourceTree = "<group>"; };
		632379EB26974D50004E0B35 /* Info.plist */ = {isa = PBXFileReference; lastKnownFileType = text.plist.xml; path = Info.plist; sourceTree = "<group>"; };
		632379F826974EDA004E0B35 /* PhotosCollectionViewController.swift */ = {isa = PBXFileReference; lastKnownFileType = sourcecode.swift; path = PhotosCollectionViewController.swift; sourceTree = "<group>"; };
		632379FA26974F1B004E0B35 /* PhotosCollectionViewCell.swift */ = {isa = PBXFileReference; lastKnownFileType = sourcecode.swift; name = PhotosCollectionViewCell.swift; path = "PhotoCollection-II/Storyboards/PhotosCollectionViewCell.swift"; sourceTree = SOURCE_ROOT; };
		632379FC26974F5A004E0B35 /* PhotoDetailViewController.swift */ = {isa = PBXFileReference; lastKnownFileType = sourcecode.swift; name = PhotoDetailViewController.swift; path = Storyboards/PhotoDetailViewController.swift; sourceTree = "<group>"; };
		632379FE26974F94004E0B35 /* ThemeSelectionViewController.swift */ = {isa = PBXFileReference; lastKnownFileType = sourcecode.swift; name = ThemeSelectionViewController.swift; path = Storyboards/ThemeSelectionViewController.swift; sourceTree = "<group>"; };
		63237A0026975057004E0B35 /* Photo.swift */ = {isa = PBXFileReference; lastKnownFileType = sourcecode.swift; path = Photo.swift; sourceTree = "<group>"; };
		63237A0226975064004E0B35 /* PhotoController.swift */ = {isa = PBXFileReference; lastKnownFileType = sourcecode.swift; path = PhotoController.swift; sourceTree = "<group>"; };
		63237A0426975077004E0B35 /* ThemeHelper.swift */ = {isa = PBXFileReference; lastKnownFileType = sourcecode.swift; path = ThemeHelper.swift; sourceTree = "<group>"; };
/* End PBXFileReference section */

/* Begin PBXFrameworksBuildPhase section */
		632379D726974D50004E0B35 /* Frameworks */ = {
			isa = PBXFrameworksBuildPhase;
			buildActionMask = 2147483647;
			files = (
			);
			runOnlyForDeploymentPostprocessing = 0;
		};
/* End PBXFrameworksBuildPhase section */

/* Begin PBXGroup section */
		632379D126974D50004E0B35 = {
			isa = PBXGroup;
			children = (
				632379DC26974D50004E0B35 /* PhotoCollection-II */,
				632379DB26974D50004E0B35 /* Products */,
			);
			sourceTree = "<group>";
		};
		632379DB26974D50004E0B35 /* Products */ = {
			isa = PBXGroup;
			children = (
				632379DA26974D50004E0B35 /* PhotoCollection-II.app */,
			);
			name = Products;
			sourceTree = "<group>";
		};
		632379DC26974D50004E0B35 /* PhotoCollection-II */ = {
			isa = PBXGroup;
			children = (
				632379F526974E06004E0B35 /* Views */,
				632379F326974DF3004E0B35 /* View Controllers */,
				632379F426974E00004E0B35 /* Model */,
				632379F626974E32004E0B35 /* Model Controller */,
				632379F726974E5D004E0B35 /* ThemeHelper */,
				632379F226974DC9004E0B35 /* Storyboards */,
				632379F126974DBF004E0B35 /* Resources */,
				632379EB26974D50004E0B35 /* Info.plist */,
			);
			path = "PhotoCollection-II";
			sourceTree = "<group>";
		};
		632379F126974DBF004E0B35 /* Resources */ = {
			isa = PBXGroup;
			children = (
				632379DD26974D50004E0B35 /* AppDelegate.swift */,
				632379DF26974D50004E0B35 /* SceneDelegate.swift */,
				632379E626974D50004E0B35 /* Assets.xcassets */,
			);
			path = Resources;
			sourceTree = "<group>";
		};
		632379F226974DC9004E0B35 /* Storyboards */ = {
			isa = PBXGroup;
			children = (
				632379E326974D50004E0B35 /* Main.storyboard */,
				632379E826974D50004E0B35 /* LaunchScreen.storyboard */,
			);
			path = Storyboards;
			sourceTree = "<group>";
		};
		632379F326974DF3004E0B35 /* View Controllers */ = {
			isa = PBXGroup;
			children = (
				632379F826974EDA004E0B35 /* PhotosCollectionViewController.swift */,
				632379FC26974F5A004E0B35 /* PhotoDetailViewController.swift */,
				632379FE26974F94004E0B35 /* ThemeSelectionViewController.swift */,
			);
			name = "View Controllers";
			sourceTree = "<group>";
		};
		632379F426974E00004E0B35 /* Model */ = {
			isa = PBXGroup;
			children = (
				63237A0026975057004E0B35 /* Photo.swift */,
			);
			path = Model;
			sourceTree = "<group>";
		};
		632379F526974E06004E0B35 /* Views */ = {
			isa = PBXGroup;
			children = (
				632379FA26974F1B004E0B35 /* PhotosCollectionViewCell.swift */,
			);
			path = Views;
			sourceTree = "<group>";
		};
		632379F626974E32004E0B35 /* Model Controller */ = {
			isa = PBXGroup;
			children = (
				63237A0226975064004E0B35 /* PhotoController.swift */,
			);
			path = "Model Controller";
			sourceTree = "<group>";
		};
		632379F726974E5D004E0B35 /* ThemeHelper */ = {
			isa = PBXGroup;
			children = (
				63237A0426975077004E0B35 /* ThemeHelper.swift */,
			);
			path = ThemeHelper;
			sourceTree = "<group>";
		};
/* End PBXGroup section */

/* Begin PBXNativeTarget section */
		632379D926974D50004E0B35 /* PhotoCollection-II */ = {
			isa = PBXNativeTarget;
			buildConfigurationList = 632379EE26974D50004E0B35 /* Build configuration list for PBXNativeTarget "PhotoCollection-II" */;
			buildPhases = (
				632379D626974D50004E0B35 /* Sources */,
				632379D726974D50004E0B35 /* Frameworks */,
				632379D826974D50004E0B35 /* Resources */,
			);
			buildRules = (
			);
			dependencies = (
			);
			name = "PhotoCollection-II";
			productName = "PhotoCollection-II";
			productReference = 632379DA26974D50004E0B35 /* PhotoCollection-II.app */;
			productType = "com.apple.product-type.application";
		};
/* End PBXNativeTarget section */

/* Begin PBXProject section */
		632379D226974D50004E0B35 /* Project object */ = {
			isa = PBXProject;
			attributes = {
				LastSwiftUpdateCheck = 1250;
				LastUpgradeCheck = 1250;
				TargetAttributes = {
					632379D926974D50004E0B35 = {
						CreatedOnToolsVersion = 12.5.1;
					};
				};
			};
			buildConfigurationList = 632379D526974D50004E0B35 /* Build configuration list for PBXProject "PhotoCollection-II" */;
			compatibilityVersion = "Xcode 9.3";
			developmentRegion = en;
			hasScannedForEncodings = 0;
			knownRegions = (
				en,
				Base,
			);
			mainGroup = 632379D126974D50004E0B35;
			productRefGroup = 632379DB26974D50004E0B35 /* Products */;
			projectDirPath = "";
			projectRoot = "";
			targets = (
				632379D926974D50004E0B35 /* PhotoCollection-II */,
			);
		};
/* End PBXProject section */

/* Begin PBXResourcesBuildPhase section */
		632379D826974D50004E0B35 /* Resources */ = {
			isa = PBXResourcesBuildPhase;
			buildActionMask = 2147483647;
			files = (
				632379EA26974D50004E0B35 /* LaunchScreen.storyboard in Resources */,
				632379E726974D50004E0B35 /* Assets.xcassets in Resources */,
				632379E526974D50004E0B35 /* Main.storyboard in Resources */,
			);
			runOnlyForDeploymentPostprocessing = 0;
		};
/* End PBXResourcesBuildPhase section */

/* Begin PBXSourcesBuildPhase section */
		632379D626974D50004E0B35 /* Sources */ = {
			isa = PBXSourcesBuildPhase;
			buildActionMask = 2147483647;
			files = (
				63237A0526975077004E0B35 /* ThemeHelper.swift in Sources */,
				63237A0126975057004E0B35 /* Photo.swift in Sources */,
				632379F926974EDA004E0B35 /* PhotosCollectionViewController.swift in Sources */,
				632379FF26974F94004E0B35 /* ThemeSelectionViewController.swift in Sources */,
				632379FB26974F1B004E0B35 /* PhotosCollectionViewCell.swift in Sources */,
				632379DE26974D50004E0B35 /* AppDelegate.swift in Sources */,
				632379FD26974F5A004E0B35 /* PhotoDetailViewController.swift in Sources */,
				63237A0326975064004E0B35 /* PhotoController.swift in Sources */,
				632379E026974D50004E0B35 /* SceneDelegate.swift in Sources */,
			);
			runOnlyForDeploymentPostprocessing = 0;
		};
/* End PBXSourcesBuildPhase section */

/* Begin PBXVariantGroup section */
		632379E326974D50004E0B35 /* Main.storyboard */ = {
			isa = PBXVariantGroup;
			children = (
				632379E426974D50004E0B35 /* Base */,
			);
			name = Main.storyboard;
			sourceTree = "<group>";
		};
		632379E826974D50004E0B35 /* LaunchScreen.storyboard */ = {
			isa = PBXVariantGroup;
			children = (
				632379E926974D50004E0B35 /* Base */,
			);
			name = LaunchScreen.storyboard;
			sourceTree = "<group>";
		};
/* End PBXVariantGroup section */

/* Begin XCBuildConfiguration section */
		632379EC26974D50004E0B35 /* Debug */ = {
			isa = XCBuildConfiguration;
			buildSettings = {
				ALWAYS_SEARCH_USER_PATHS = NO;
				CLANG_ANALYZER_NONNULL = YES;
				CLANG_ANALYZER_NUMBER_OBJECT_CONVERSION = YES_AGGRESSIVE;
				CLANG_CXX_LANGUAGE_STANDARD = "gnu++14";
				CLANG_CXX_LIBRARY = "libc++";
				CLANG_ENABLE_MODULES = YES;
				CLANG_ENABLE_OBJC_ARC = YES;
				CLANG_ENABLE_OBJC_WEAK = YES;
				CLANG_WARN_BLOCK_CAPTURE_AUTORELEASING = YES;
				CLANG_WARN_BOOL_CONVERSION = YES;
				CLANG_WARN_COMMA = YES;
				CLANG_WARN_CONSTANT_CONVERSION = YES;
				CLANG_WARN_DEPRECATED_OBJC_IMPLEMENTATIONS = YES;
				CLANG_WARN_DIRECT_OBJC_ISA_USAGE = YES_ERROR;
				CLANG_WARN_DOCUMENTATION_COMMENTS = YES;
				CLANG_WARN_EMPTY_BODY = YES;
				CLANG_WARN_ENUM_CONVERSION = YES;
				CLANG_WARN_INFINITE_RECURSION = YES;
				CLANG_WARN_INT_CONVERSION = YES;
				CLANG_WARN_NON_LITERAL_NULL_CONVERSION = YES;
				CLANG_WARN_OBJC_IMPLICIT_RETAIN_SELF = YES;
				CLANG_WARN_OBJC_LITERAL_CONVERSION = YES;
				CLANG_WARN_OBJC_ROOT_CLASS = YES_ERROR;
				CLANG_WARN_QUOTED_INCLUDE_IN_FRAMEWORK_HEADER = YES;
				CLANG_WARN_RANGE_LOOP_ANALYSIS = YES;
				CLANG_WARN_STRICT_PROTOTYPES = YES;
				CLANG_WARN_SUSPICIOUS_MOVE = YES;
				CLANG_WARN_UNGUARDED_AVAILABILITY = YES_AGGRESSIVE;
				CLANG_WARN_UNREACHABLE_CODE = YES;
				CLANG_WARN__DUPLICATE_METHOD_MATCH = YES;
				COPY_PHASE_STRIP = NO;
				DEBUG_INFORMATION_FORMAT = dwarf;
				ENABLE_STRICT_OBJC_MSGSEND = YES;
				ENABLE_TESTABILITY = YES;
				GCC_C_LANGUAGE_STANDARD = gnu11;
				GCC_DYNAMIC_NO_PIC = NO;
				GCC_NO_COMMON_BLOCKS = YES;
				GCC_OPTIMIZATION_LEVEL = 0;
				GCC_PREPROCESSOR_DEFINITIONS = (
					"DEBUG=1",
					"$(inherited)",
				);
				GCC_WARN_64_TO_32_BIT_CONVERSION = YES;
				GCC_WARN_ABOUT_RETURN_TYPE = YES_ERROR;
				GCC_WARN_UNDECLARED_SELECTOR = YES;
				GCC_WARN_UNINITIALIZED_AUTOS = YES_AGGRESSIVE;
				GCC_WARN_UNUSED_FUNCTION = YES;
				GCC_WARN_UNUSED_VARIABLE = YES;
				IPHONEOS_DEPLOYMENT_TARGET = 14.5;
				MTL_ENABLE_DEBUG_INFO = INCLUDE_SOURCE;
				MTL_FAST_MATH = YES;
				ONLY_ACTIVE_ARCH = YES;
				SDKROOT = iphoneos;
				SWIFT_ACTIVE_COMPILATION_CONDITIONS = DEBUG;
				SWIFT_OPTIMIZATION_LEVEL = "-Onone";
			};
			name = Debug;
		};
		632379ED26974D50004E0B35 /* Release */ = {
			isa = XCBuildConfiguration;
			buildSettings = {
				ALWAYS_SEARCH_USER_PATHS = NO;
				CLANG_ANALYZER_NONNULL = YES;
				CLANG_ANALYZER_NUMBER_OBJECT_CONVERSION = YES_AGGRESSIVE;
				CLANG_CXX_LANGUAGE_STANDARD = "gnu++14";
				CLANG_CXX_LIBRARY = "libc++";
				CLANG_ENABLE_MODULES = YES;
				CLANG_ENABLE_OBJC_ARC = YES;
				CLANG_ENABLE_OBJC_WEAK = YES;
				CLANG_WARN_BLOCK_CAPTURE_AUTORELEASING = YES;
				CLANG_WARN_BOOL_CONVERSION = YES;
				CLANG_WARN_COMMA = YES;
				CLANG_WARN_CONSTANT_CONVERSION = YES;
				CLANG_WARN_DEPRECATED_OBJC_IMPLEMENTATIONS = YES;
				CLANG_WARN_DIRECT_OBJC_ISA_USAGE = YES_ERROR;
				CLANG_WARN_DOCUMENTATION_COMMENTS = YES;
				CLANG_WARN_EMPTY_BODY = YES;
				CLANG_WARN_ENUM_CONVERSION = YES;
				CLANG_WARN_INFINITE_RECURSION = YES;
				CLANG_WARN_INT_CONVERSION = YES;
				CLANG_WARN_NON_LITERAL_NULL_CONVERSION = YES;
				CLANG_WARN_OBJC_IMPLICIT_RETAIN_SELF = YES;
				CLANG_WARN_OBJC_LITERAL_CONVERSION = YES;
				CLANG_WARN_OBJC_ROOT_CLASS = YES_ERROR;
				CLANG_WARN_QUOTED_INCLUDE_IN_FRAMEWORK_HEADER = YES;
				CLANG_WARN_RANGE_LOOP_ANALYSIS = YES;
				CLANG_WARN_STRICT_PROTOTYPES = YES;
				CLANG_WARN_SUSPICIOUS_MOVE = YES;
				CLANG_WARN_UNGUARDED_AVAILABILITY = YES_AGGRESSIVE;
				CLANG_WARN_UNREACHABLE_CODE = YES;
				CLANG_WARN__DUPLICATE_METHOD_MATCH = YES;
				COPY_PHASE_STRIP = NO;
				DEBUG_INFORMATION_FORMAT = "dwarf-with-dsym";
				ENABLE_NS_ASSERTIONS = NO;
				ENABLE_STRICT_OBJC_MSGSEND = YES;
				GCC_C_LANGUAGE_STANDARD = gnu11;
				GCC_NO_COMMON_BLOCKS = YES;
				GCC_WARN_64_TO_32_BIT_CONVERSION = YES;
				GCC_WARN_ABOUT_RETURN_TYPE = YES_ERROR;
				GCC_WARN_UNDECLARED_SELECTOR = YES;
				GCC_WARN_UNINITIALIZED_AUTOS = YES_AGGRESSIVE;
				GCC_WARN_UNUSED_FUNCTION = YES;
				GCC_WARN_UNUSED_VARIABLE = YES;
				IPHONEOS_DEPLOYMENT_TARGET = 14.5;
				MTL_ENABLE_DEBUG_INFO = NO;
				MTL_FAST_MATH = YES;
				SDKROOT = iphoneos;
				SWIFT_COMPILATION_MODE = wholemodule;
				SWIFT_OPTIMIZATION_LEVEL = "-O";
				VALIDATE_PRODUCT = YES;
			};
			name = Release;
		};
		632379EF26974D50004E0B35 /* Debug */ = {
			isa = XCBuildConfiguration;
			buildSettings = {
				ASSETCATALOG_COMPILER_APPICON_NAME = AppIcon;
				ASSETCATALOG_COMPILER_GLOBAL_ACCENT_COLOR_NAME = AccentColor;
				CODE_SIGN_STYLE = Automatic;
				DEVELOPMENT_TEAM = NW64B8MUZ5;
				INFOPLIST_FILE = "PhotoCollection-II/Info.plist";
				LD_RUNPATH_SEARCH_PATHS = (
					"$(inherited)",
					"@executable_path/Frameworks",
				);
				PRODUCT_BUNDLE_IDENTIFIER = "Gerardo-Hernandez.PhotoCollection-II";
				PRODUCT_NAME = "$(TARGET_NAME)";
				SWIFT_VERSION = 5.0;
				TARGETED_DEVICE_FAMILY = "1,2";
			};
			name = Debug;
		};
		632379F026974D50004E0B35 /* Release */ = {
			isa = XCBuildConfiguration;
			buildSettings = {
				ASSETCATALOG_COMPILER_APPICON_NAME = AppIcon;
				ASSETCATALOG_COMPILER_GLOBAL_ACCENT_COLOR_NAME = AccentColor;
				CODE_SIGN_STYLE = Automatic;
				DEVELOPMENT_TEAM = NW64B8MUZ5;
				INFOPLIST_FILE = "PhotoCollection-II/Info.plist";
				LD_RUNPATH_SEARCH_PATHS = (
					"$(inherited)",
					"@executable_path/Frameworks",
				);
				PRODUCT_BUNDLE_IDENTIFIER = "Gerardo-Hernandez.PhotoCollection-II";
				PRODUCT_NAME = "$(TARGET_NAME)";
				SWIFT_VERSION = 5.0;
				TARGETED_DEVICE_FAMILY = "1,2";
			};
			name = Release;
		};
/* End XCBuildConfiguration section */

/* Begin XCConfigurationList section */
		632379D526974D50004E0B35 /* Build configuration list for PBXProject "PhotoCollection-II" */ = {
			isa = XCConfigurationList;
			buildConfigurations = (
				632379EC26974D50004E0B35 /* Debug */,
				632379ED26974D50004E0B35 /* Release */,
			);
			defaultConfigurationIsVisible = 0;
			defaultConfigurationName = Release;
		};
		632379EE26974D50004E0B35 /* Build configuration list for PBXNativeTarget "PhotoCollection-II" */ = {
			isa = XCConfigurationList;
			buildConfigurations = (
				632379EF26974D50004E0B35 /* Debug */,
				632379F026974D50004E0B35 /* Release */,
			);
			defaultConfigurationIsVisible = 0;
			defaultConfigurationName = Release;
		};
/* End XCConfigurationList section */
	};
	rootObject = 632379D226974D50004E0B35 /* Project object */;
}
